
Microsoft Visual Studio Solution File, Format Version 12.00
# Visual Studio Version 16
VisualStudioVersion = 16.0.29519.181
MinimumVisualStudioVersion = 10.0.40219.1
Project("{9A19103F-16F7-4668-BE54-9A1E7A4F7556}") = "RentASpace.API", "RentASpace.API\RentASpace.API.csproj", "{FE81EF31-F545-487F-84CA-4C7595B16839}"
EndProject
Project("{9A19103F-16F7-4668-BE54-9A1E7A4F7556}") = "ARI.IDP", "ARI.IDP\ARI.IDP.csproj", "{C37134E9-5317-428B-B237-503AF5FB5CEF}"
EndProject
Global
	GlobalSection(SolutionConfigurationPlatforms) = preSolution
		Debug|Any CPU = Debug|Any CPU
		Release|Any CPU = Release|Any CPU
	EndGlobalSection
	GlobalSection(ProjectConfigurationPlatforms) = postSolution
		{FE81EF31-F545-487F-84CA-4C7595B16839}.Debug|Any CPU.ActiveCfg = Debug|Any CPU
		{FE81EF31-F545-487F-84CA-4C7595B16839}.Debug|Any CPU.Build.0 = Debug|Any CPU
		{FE81EF31-F545-487F-84CA-4C7595B16839}.Release|Any CPU.ActiveCfg = Release|Any CPU
		{FE81EF31-F545-487F-84CA-4C7595B16839}.Release|Any CPU.Build.0 = Release|Any CPU
		{C37134E9-5317-428B-B237-503AF5FB5CEF}.Debug|Any CPU.ActiveCfg = Debug|Any CPU
		{C37134E9-5317-428B-B237-503AF5FB5CEF}.Debug|Any CPU.Build.0 = Debug|Any CPU
		{C37134E9-5317-428B-B237-503AF5FB5CEF}.Release|Any CPU.ActiveCfg = Release|Any CPU
		{C37134E9-5317-428B-B237-503AF5FB5CEF}.Release|Any CPU.Build.0 = Release|Any CPU
	EndGlobalSection
	GlobalSection(SolutionProperties) = preSolution
		HideSolutionNode = FALSE
	EndGlobalSection
	GlobalSection(ExtensibilityGlobals) = postSolution
		SolutionGuid = {50DCB275-BA60-4A33-BB5E-C7B8D3E7ED41}
	EndGlobalSection
EndGlobal
